# THIS IS AN AUTOGENERATED FILE. DO NOT EDIT THIS FILE DIRECTLY.
# yarn lockfile v1


image-size@^1.0.0:
  version "1.0.0"
  resolved "https://registry.npm.taobao.org/image-size/download/image-size-1.0.0.tgz#58b31fe4743b1cec0a0ac26f5c914d3c5b2f0750"
  integrity sha1-WLMf5HQ7HOwKCsJvXJFNPFsvB1A=
  dependencies:
    queue "6.0.2"

inherits@~2.0.3:
  version "2.0.4"
  resolved "https://registry.npm.taobao.org/inherits/download/inherits-2.0.4.tgz#0fa2c64f932917c3433a0ded55363aae37416b7c"
  integrity sha1-D6LGT5MpF8NDOg3tVTY6rjdBa3w=

markdown-it-attrs@^3.0.1:
  version "3.0.3"
  resolved "https://registry.npm.taobao.org/markdown-it-attrs/download/markdown-it-attrs-3.0.3.tgz#92acdb16fe551cb056c5eb9848413443cafb5231"
  integrity sha1-kqzbFv5VHLBWxeuYSEE0Q8r7UjE=

markdown-it-image-lazy-loading@^1.0.2:
  version "1.1.0"
  resolved "https://registry.nlark.com/markdown-it-image-lazy-loading/download/markdown-it-image-lazy-loading-1.1.0.tgz#8df2b76bd5ee7c40b029cd73a5f2a02d00e97390"
  integrity sha1-jfK3a9XufECwKc1zpfKgLQDpc5A=
  dependencies:
    image-size "^1.0.0"

markdown-it-image-loading@^1.0.2:
  version "1.0.2"
  resolved "https://registry.nlark.com/markdown-it-image-loading/download/markdown-it-image-loading-1.0.2.tgz#7433a39085f5cf8c2ebabf782b2630aa80dc2b39"
  integrity sha1-dDOjkIX1z4wuur94KyYwqoDcKzk=
  dependencies:
    markdown-it-attrs "^3.0.1"

markdown-it-imsize@^2.0.1:
  version "2.0.1"
  resolved "https://registry.npm.taobao.org/markdown-it-imsize/download/markdown-it-imsize-2.0.1.tgz#cca0427905d05338a247cb9ca9d968c5cddd5170"
  integrity sha1-zKBCeQXQUziiR8ucqdloxc3dUXA=

queue@6.0.2:
  version "6.0.2"
  resolved "https://registry.npm.taobao.org/queue/download/queue-6.0.2.tgz#b91525283e2315c7553d2efa18d83e76432fed65"
  integrity sha1-uRUlKD4jFcdVPS76GNg+dkMv7WU=
  dependencies:
    inherits "~2.0.3"

vuepress-plugin-image@^1.0.4:
  version "1.0.4"
  resolved "https://registry.nlark.com/vuepress-plugin-image/download/vuepress-plugin-image-1.0.4.tgz#8fbb49b41fcab4a3261f609ecb9fe71ecfc7df5b"
  integrity sha1-j7tJtB/KtKMmH2Cey5/nHs/H31s=
  dependencies:
    markdown-it-image-lazy-loading "^1.0.2"
    markdown-it-image-loading "^1.0.2"
    markdown-it-imsize "^2.0.1"
